
Microsoft Visual Studio Solution File, Format Version 12.00
# Visual Studio Version 17
VisualStudioVersion = 17.3.32611.2
MinimumVisualStudioVersion = 10.0.40219.1
Project("{9A19103F-16F7-4668-BE54-9A1E7A4F7556}") = "Sewer56.UI.Controller.Core", "Sewer56.UI.Controller.Core\Sewer56.UI.Controller.Core.csproj", "{467BFFE3-51B9-4125-9322-107120949219}"
EndProject
Project("{9A19103F-16F7-4668-BE54-9A1E7A4F7556}") = "Sewer56.UI.Controller.ReloadedInput", "Sewer56.UI.Controller.ReloadedInput\Sewer56.UI.Controller.ReloadedInput.csproj", "{3436EB34-59AB-4C7A-89C6-9852A746EF5F}"
EndProject
Project("{9A19103F-16F7-4668-BE54-9A1E7A4F7556}") = "Sewer56.UI.Controller.WPF", "Sewer56.UI.Controller.WPF\Sewer56.UI.Controller.WPF.csproj", "{A521CD8C-2600-4A5F-AD59-A0AC00AF6E1F}"
EndProject
Project("{2150E333-8FDC-42A3-9474-1A3956D46DE8}") = "Submodules", "Submodules", "{956F604F-C972-4B44-B412-02A0F73EC111}"
EndProject
Project("{9A19103F-16F7-4668-BE54-9A1E7A4F7556}") = "Reloaded.Input", "Submodules\Reloaded.Input\Reloaded.Input\Reloaded.Input.csproj", "{689B9D0E-971F-49BB-B983-ED09544EE85B}"
EndProject
Project("{9A19103F-16F7-4668-BE54-9A1E7A4F7556}") = "Reloaded.Input.Configurator", "Submodules\Reloaded.Input\Reloaded.Input.Configurator\Reloaded.Input.Configurator.csproj", "{4518389A-CE68-4E4A-B3DC-5D6DE29C783F}"
EndProject
Global
	GlobalSection(SolutionConfigurationPlatforms) = preSolution
		Debug|Any CPU = Debug|Any CPU
		Release|Any CPU = Release|Any CPU
	EndGlobalSection
	GlobalSection(ProjectConfigurationPlatforms) = postSolution
		{467BFFE3-51B9-4125-9322-107120949219}.Debug|Any CPU.ActiveCfg = Debug|Any CPU
		{467BFFE3-51B9-4125-9322-107120949219}.Debug|Any CPU.Build.0 = Debug|Any CPU
		{467BFFE3-51B9-4125-9322-107120949219}.Release|Any CPU.ActiveCfg = Release|Any CPU
		{467BFFE3-51B9-4125-9322-107120949219}.Release|Any CPU.Build.0 = Release|Any CPU
		{3436EB34-59AB-4C7A-89C6-9852A746EF5F}.Debug|Any CPU.ActiveCfg = Debug|Any CPU
		{3436EB34-59AB-4C7A-89C6-9852A746EF5F}.Debug|Any CPU.Build.0 = Debug|Any CPU
		{3436EB34-59AB-4C7A-89C6-9852A746EF5F}.Release|Any CPU.ActiveCfg = Release|Any CPU
		{3436EB34-59AB-4C7A-89C6-9852A746EF5F}.Release|Any CPU.Build.0 = Release|Any CPU
		{A521CD8C-2600-4A5F-AD59-A0AC00AF6E1F}.Debug|Any CPU.ActiveCfg = Debug|Any CPU
		{A521CD8C-2600-4A5F-AD59-A0AC00AF6E1F}.Debug|Any CPU.Build.0 = Debug|Any CPU
		{A521CD8C-2600-4A5F-AD59-A0AC00AF6E1F}.Release|Any CPU.ActiveCfg = Release|Any CPU
		{A521CD8C-2600-4A5F-AD59-A0AC00AF6E1F}.Release|Any CPU.Build.0 = Release|Any CPU
		{689B9D0E-971F-49BB-B983-ED09544EE85B}.Debug|Any CPU.ActiveCfg = Debug|Any CPU
		{689B9D0E-971F-49BB-B983-ED09544EE85B}.Debug|Any CPU.Build.0 = Debug|Any CPU
		{689B9D0E-971F-49BB-B983-ED09544EE85B}.Release|Any CPU.ActiveCfg = Release|Any CPU
		{689B9D0E-971F-49BB-B983-ED09544EE85B}.Release|Any CPU.Build.0 = Release|Any CPU
		{4518389A-CE68-4E4A-B3DC-5D6DE29C783F}.Debug|Any CPU.ActiveCfg = Debug|Any CPU
		{4518389A-CE68-4E4A-B3DC-5D6DE29C783F}.Debug|Any CPU.Build.0 = Debug|Any CPU
		{4518389A-CE68-4E4A-B3DC-5D6DE29C783F}.Release|Any CPU.ActiveCfg = Release|Any CPU
		{4518389A-CE68-4E4A-B3DC-5D6DE29C783F}.Release|Any CPU.Build.0 = Release|Any CPU
	EndGlobalSection
	GlobalSection(SolutionProperties) = preSolution
		HideSolutionNode = FALSE
	EndGlobalSection
	GlobalSection(NestedProjects) = preSolution
		{689B9D0E-971F-49BB-B983-ED09544EE85B} = {956F604F-C972-4B44-B412-02A0F73EC111}
		{4518389A-CE68-4E4A-B3DC-5D6DE29C783F} = {956F604F-C972-4B44-B412-02A0F73EC111}
	EndGlobalSection
	GlobalSection(ExtensibilityGlobals) = postSolution
		SolutionGuid = {653B7CFE-2A1A-4D10-A94D-3FEFB45FC20D}
	EndGlobalSection
EndGlobal
